// !$*UTF8*$!
{
	archiveVersion = 1;
	classes = {
	};
	objectVersion = 51;
	objects = {

/* Begin PBXBuildFile section */
		728AA2657662A30AF7C01692 /* Pods_Cool_Chat.framework in Frameworks */ = {isa = PBXBuildFile; fileRef = D3E91D29A6B08596E4844440 /* Pods_Cool_Chat.framework */; };
		A635181125FC66B000A21E73 /* RegistrationCredential.swift in Sources */ = {isa = PBXBuildFile; fileRef = A635181025FC66B000A21E73 /* RegistrationCredential.swift */; };
		A635181525FC690A00A21E73 /* Encodable+Extensions.swift in Sources */ = {isa = PBXBuildFile; fileRef = A635181425FC690A00A21E73 /* Encodable+Extensions.swift */; };
		A635181A25FC8EF500A21E73 /* AuthService.swift in Sources */ = {isa = PBXBuildFile; fileRef = A635181925FC8EF500A21E73 /* AuthService.swift */; };
		A635181F25FCA16300A21E73 /* MessageType.swift in Sources */ = {isa = PBXBuildFile; fileRef = A635181E25FCA16300A21E73 /* MessageType.swift */; };
		A635182225FCBBE800A21E73 /* NewMessageController.swift in Sources */ = {isa = PBXBuildFile; fileRef = A635182125FCBBE800A21E73 /* NewMessageController.swift */; };
		A635182525FCC50200A21E73 /* NewMessageTableViewCell.swift in Sources */ = {isa = PBXBuildFile; fileRef = A635182425FCC50200A21E73 /* NewMessageTableViewCell.swift */; };
		A635182825FCC92E00A21E73 /* User.swift in Sources */ = {isa = PBXBuildFile; fileRef = A635182725FCC92E00A21E73 /* User.swift */; };
		A635182B25FCCB7400A21E73 /* FirebaseWebService.swift in Sources */ = {isa = PBXBuildFile; fileRef = A635182A25FCCB7400A21E73 /* FirebaseWebService.swift */; };
		A635182F25FCF63C00A21E73 /* ChatController.swift in Sources */ = {isa = PBXBuildFile; fileRef = A635182E25FCF63C00A21E73 /* ChatController.swift */; };
		A635183225FCFDDB00A21E73 /* CustomInputAccessoryView.swift in Sources */ = {isa = PBXBuildFile; fileRef = A635183125FCFDDB00A21E73 /* CustomInputAccessoryView.swift */; };
		A635183525FD059200A21E73 /* UICollectionViewCell+Extensions.swift in Sources */ = {isa = PBXBuildFile; fileRef = A635183425FD059200A21E73 /* UICollectionViewCell+Extensions.swift */; };
		A635183825FD065500A21E73 /* ChatCollectionViewCell.swift in Sources */ = {isa = PBXBuildFile; fileRef = A635183725FD065500A21E73 /* ChatCollectionViewCell.swift */; };
		A635183B25FD09F400A21E73 /* Message.swift in Sources */ = {isa = PBXBuildFile; fileRef = A635183A25FD09F400A21E73 /* Message.swift */; };
		A635184225FD0D5C00A21E73 /* MessageViewModel.swift in Sources */ = {isa = PBXBuildFile; fileRef = A635184125FD0D5C00A21E73 /* MessageViewModel.swift */; };
		A693B2FD25FC338000C6B2D8 /* UIStackView+Extensions.swift in Sources */ = {isa = PBXBuildFile; fileRef = A693B2FC25FC338000C6B2D8 /* UIStackView+Extensions.swift */; };
		A693B30325FC3F6800C6B2D8 /* UIButton+Extensions.swift in Sources */ = {isa = PBXBuildFile; fileRef = A693B30225FC3F6800C6B2D8 /* UIButton+Extensions.swift */; };
		A693B30D25FC483E00C6B2D8 /* LoginViewModel.swift in Sources */ = {isa = PBXBuildFile; fileRef = A693B30C25FC483E00C6B2D8 /* LoginViewModel.swift */; };
		A693B31025FC4C7200C6B2D8 /* RegisterViewModel.swift in Sources */ = {isa = PBXBuildFile; fileRef = A693B30F25FC4C7200C6B2D8 /* RegisterViewModel.swift */; };
		A693B31625FC5E1000C6B2D8 /* GoogleService-Info.plist in Resources */ = {isa = PBXBuildFile; fileRef = A693B31525FC5E1000C6B2D8 /* GoogleService-Info.plist */; };
		A6F001D425FB5FF000CDC901 /* AppDelegate.swift in Sources */ = {isa = PBXBuildFile; fileRef = A6F001D325FB5FF000CDC901 /* AppDelegate.swift */; };
		A6F001D625FB5FF000CDC901 /* SceneDelegate.swift in Sources */ = {isa = PBXBuildFile; fileRef = A6F001D525FB5FF000CDC901 /* SceneDelegate.swift */; };
		A6F001DD25FB5FF100CDC901 /* Assets.xcassets in Resources */ = {isa = PBXBuildFile; fileRef = A6F001DC25FB5FF100CDC901 /* Assets.xcassets */; };
		A6F001E025FB5FF100CDC901 /* LaunchScreen.storyboard in Resources */ = {isa = PBXBuildFile; fileRef = A6F001DE25FB5FF100CDC901 /* LaunchScreen.storyboard */; };
		A6F001FA25FB62E800CDC901 /* ConversationsController.swift in Sources */ = {isa = PBXBuildFile; fileRef = A6F001F925FB62E800CDC901 /* ConversationsController.swift */; };
		A6F0020125FB6A3F00CDC901 /* UITableView+Extensions.swift in Sources */ = {isa = PBXBuildFile; fileRef = A6F0020025FB6A3F00CDC901 /* UITableView+Extensions.swift */; };
		A6F0020525FB6AB200CDC901 /* UITableViewCell+Extensions.swift in Sources */ = {isa = PBXBuildFile; fileRef = A6F0020425FB6AB200CDC901 /* UITableViewCell+Extensions.swift */; };
		A6F0020825FB6B8200CDC901 /* UIBarButtonItem +Extensions.swift in Sources */ = {isa = PBXBuildFile; fileRef = A6F0020725FB6B8200CDC901 /* UIBarButtonItem +Extensions.swift */; };
		A6F0021125FB79BC00CDC901 /* LoginController.swift in Sources */ = {isa = PBXBuildFile; fileRef = A6F0021025FB79BC00CDC901 /* LoginController.swift */; };
		A6F0021525FB79C600CDC901 /* RegisterController.swift in Sources */ = {isa = PBXBuildFile; fileRef = A6F0021425FB79C600CDC901 /* RegisterController.swift */; };
		A6F0021825FB7B5A00CDC901 /* UIViewController+Extensions.swift in Sources */ = {isa = PBXBuildFile; fileRef = A6F0021725FB7B5A00CDC901 /* UIViewController+Extensions.swift */; };
		A6F0021B25FB7D2700CDC901 /* UIImageView+Extensions.swift in Sources */ = {isa = PBXBuildFile; fileRef = A6F0021A25FB7D2700CDC901 /* UIImageView+Extensions.swift */; };
		A6F0021E25FB7FA400CDC901 /* UIView+Extensions.swift in Sources */ = {isa = PBXBuildFile; fileRef = A6F0021D25FB7FA400CDC901 /* UIView+Extensions.swift */; };
		A6F0022825FB9E3A00CDC901 /* InputContainerView.swift in Sources */ = {isa = PBXBuildFile; fileRef = A6F0022725FB9E3A00CDC901 /* InputContainerView.swift */; };
		A6F0023025FBA0E700CDC901 /* UIImage+Extensions.swift in Sources */ = {isa = PBXBuildFile; fileRef = A6F0022F25FBA0E700CDC901 /* UIImage+Extensions.swift */; };
		A6F0023425FBA2FA00CDC901 /* CustomTextField.swift in Sources */ = {isa = PBXBuildFile; fileRef = A6F0023325FBA2FA00CDC901 /* CustomTextField.swift */; };
/* End PBXBuildFile section */

/* Begin PBXFileReference section */
		13ECA0E281FF0115CFBBB50B /* Pods-Cool Chat.debug.xcconfig */ = {isa = PBXFileReference; includeInIndex = 1; lastKnownFileType = text.xcconfig; name = "Pods-Cool Chat.debug.xcconfig"; path = "Target Support Files/Pods-Cool Chat/Pods-Cool Chat.debug.xcconfig"; sourceTree = "<group>"; };
		2A35B09A622E97D45369E656 /* Pods-Cool Chat.release.xcconfig */ = {isa = PBXFileReference; includeInIndex = 1; lastKnownFileType = text.xcconfig; name = "Pods-Cool Chat.release.xcconfig"; path = "Target Support Files/Pods-Cool Chat/Pods-Cool Chat.release.xcconfig"; sourceTree = "<group>"; };
		A635181025FC66B000A21E73 /* RegistrationCredential.swift */ = {isa = PBXFileReference; lastKnownFileType = sourcecode.swift; path = RegistrationCredential.swift; sourceTree = "<group>"; };
		A635181425FC690A00A21E73 /* Encodable+Extensions.swift */ = {isa = PBXFileReference; lastKnownFileType = sourcecode.swift; path = "Encodable+Extensions.swift"; sourceTree = "<group>"; };
		A635181925FC8EF500A21E73 /* AuthService.swift */ = {isa = PBXFileReference; lastKnownFileType = sourcecode.swift; path = AuthService.swift; sourceTree = "<group>"; };
		A635181E25FCA16300A21E73 /* MessageType.swift */ = {isa = PBXFileReference; lastKnownFileType = sourcecode.swift; path = MessageType.swift; sourceTree = "<group>"; };
		A635182125FCBBE800A21E73 /* NewMessageController.swift */ = {isa = PBXFileReference; lastKnownFileType = sourcecode.swift; path = NewMessageController.swift; sourceTree = "<group>"; };
		A635182425FCC50200A21E73 /* NewMessageTableViewCell.swift */ = {isa = PBXFileReference; lastKnownFileType = sourcecode.swift; path = NewMessageTableViewCell.swift; sourceTree = "<group>"; };
		A635182725FCC92E00A21E73 /* User.swift */ = {isa = PBXFileReference; lastKnownFileType = sourcecode.swift; path = User.swift; sourceTree = "<group>"; };
		A635182A25FCCB7400A21E73 /* FirebaseWebService.swift */ = {isa = PBXFileReference; lastKnownFileType = sourcecode.swift; path = FirebaseWebService.swift; sourceTree = "<group>"; };
		A635182E25FCF63C00A21E73 /* ChatController.swift */ = {isa = PBXFileReference; lastKnownFileType = sourcecode.swift; path = ChatController.swift; sourceTree = "<group>"; };
		A635183125FCFDDB00A21E73 /* CustomInputAccessoryView.swift */ = {isa = PBXFileReference; lastKnownFileType = sourcecode.swift; path = CustomInputAccessoryView.swift; sourceTree = "<group>"; };
		A635183425FD059200A21E73 /* UICollectionViewCell+Extensions.swift */ = {isa = PBXFileReference; lastKnownFileType = sourcecode.swift; path = "UICollectionViewCell+Extensions.swift"; sourceTree = "<group>"; };
		A635183725FD065500A21E73 /* ChatCollectionViewCell.swift */ = {isa = PBXFileReference; lastKnownFileType = sourcecode.swift; path = ChatCollectionViewCell.swift; sourceTree = "<group>"; };
		A635183A25FD09F400A21E73 /* Message.swift */ = {isa = PBXFileReference; lastKnownFileType = sourcecode.swift; path = Message.swift; sourceTree = "<group>"; };
		A635184125FD0D5C00A21E73 /* MessageViewModel.swift */ = {isa = PBXFileReference; lastKnownFileType = sourcecode.swift; path = MessageViewModel.swift; sourceTree = "<group>"; };
		A693B2FC25FC338000C6B2D8 /* UIStackView+Extensions.swift */ = {isa = PBXFileReference; lastKnownFileType = sourcecode.swift; path = "UIStackView+Extensions.swift"; sourceTree = "<group>"; };
		A693B30225FC3F6800C6B2D8 /* UIButton+Extensions.swift */ = {isa = PBXFileReference; lastKnownFileType = sourcecode.swift; path = "UIButton+Extensions.swift"; sourceTree = "<group>"; };
		A693B30C25FC483E00C6B2D8 /* LoginViewModel.swift */ = {isa = PBXFileReference; lastKnownFileType = sourcecode.swift; path = LoginViewModel.swift; sourceTree = "<group>"; };
		A693B30F25FC4C7200C6B2D8 /* RegisterViewModel.swift */ = {isa = PBXFileReference; lastKnownFileType = sourcecode.swift; path = RegisterViewModel.swift; sourceTree = "<group>"; };
		A693B31525FC5E1000C6B2D8 /* GoogleService-Info.plist */ = {isa = PBXFileReference; fileEncoding = 4; lastKnownFileType = text.plist.xml; path = "GoogleService-Info.plist"; sourceTree = "<group>"; };
		A6F001D025FB5FF000CDC901 /* Cool Chat.app */ = {isa = PBXFileReference; explicitFileType = wrapper.application; includeInIndex = 0; path = "Cool Chat.app"; sourceTree = BUILT_PRODUCTS_DIR; };
		A6F001D325FB5FF000CDC901 /* AppDelegate.swift */ = {isa = PBXFileReference; lastKnownFileType = sourcecode.swift; path = AppDelegate.swift; sourceTree = "<group>"; };
		A6F001D525FB5FF000CDC901 /* SceneDelegate.swift */ = {isa = PBXFileReference; lastKnownFileType = sourcecode.swift; path = SceneDelegate.swift; sourceTree = "<group>"; };
		A6F001DC25FB5FF100CDC901 /* Assets.xcassets */ = {isa = PBXFileReference; lastKnownFileType = folder.assetcatalog; path = Assets.xcassets; sourceTree = "<group>"; };
		A6F001DF25FB5FF100CDC901 /* Base */ = {isa = PBXFileReference; lastKnownFileType = file.storyboard; name = Base; path = Base.lproj/LaunchScreen.storyboard; sourceTree = "<group>"; };
		A6F001E125FB5FF100CDC901 /* Info.plist */ = {isa = PBXFileReference; lastKnownFileType = text.plist.xml; path = Info.plist; sourceTree = "<group>"; };
		A6F001F925FB62E800CDC901 /* ConversationsController.swift */ = {isa = PBXFileReference; lastKnownFileType = sourcecode.swift; path = ConversationsController.swift; sourceTree = "<group>"; };
		A6F0020025FB6A3F00CDC901 /* UITableView+Extensions.swift */ = {isa = PBXFileReference; lastKnownFileType = sourcecode.swift; path = "UITableView+Extensions.swift"; sourceTree = "<group>"; };
		A6F0020425FB6AB200CDC901 /* UITableViewCell+Extensions.swift */ = {isa = PBXFileReference; lastKnownFileType = sourcecode.swift; path = "UITableViewCell+Extensions.swift"; sourceTree = "<group>"; };
		A6F0020725FB6B8200CDC901 /* UIBarButtonItem +Extensions.swift */ = {isa = PBXFileReference; lastKnownFileType = sourcecode.swift; path = "UIBarButtonItem +Extensions.swift"; sourceTree = "<group>"; };
		A6F0021025FB79BC00CDC901 /* LoginController.swift */ = {isa = PBXFileReference; lastKnownFileType = sourcecode.swift; path = LoginController.swift; sourceTree = "<group>"; };
		A6F0021425FB79C600CDC901 /* RegisterController.swift */ = {isa = PBXFileReference; lastKnownFileType = sourcecode.swift; path = RegisterController.swift; sourceTree = "<group>"; };
		A6F0021725FB7B5A00CDC901 /* UIViewController+Extensions.swift */ = {isa = PBXFileReference; lastKnownFileType = sourcecode.swift; path = "UIViewController+Extensions.swift"; sourceTree = "<group>"; };
		A6F0021A25FB7D2700CDC901 /* UIImageView+Extensions.swift */ = {isa = PBXFileReference; lastKnownFileType = sourcecode.swift; path = "UIImageView+Extensions.swift"; sourceTree = "<group>"; };
		A6F0021D25FB7FA400CDC901 /* UIView+Extensions.swift */ = {isa = PBXFileReference; lastKnownFileType = sourcecode.swift; path = "UIView+Extensions.swift"; sourceTree = "<group>"; };
		A6F0022725FB9E3A00CDC901 /* InputContainerView.swift */ = {isa = PBXFileReference; lastKnownFileType = sourcecode.swift; path = InputContainerView.swift; sourceTree = "<group>"; };
		A6F0022F25FBA0E700CDC901 /* UIImage+Extensions.swift */ = {isa = PBXFileReference; lastKnownFileType = sourcecode.swift; path = "UIImage+Extensions.swift"; sourceTree = "<group>"; };
		A6F0023325FBA2FA00CDC901 /* CustomTextField.swift */ = {isa = PBXFileReference; lastKnownFileType = sourcecode.swift; path = CustomTextField.swift; sourceTree = "<group>"; };
		D3E91D29A6B08596E4844440 /* Pods_Cool_Chat.framework */ = {isa = PBXFileReference; explicitFileType = wrapper.framework; includeInIndex = 0; path = Pods_Cool_Chat.framework; sourceTree = BUILT_PRODUCTS_DIR; };
/* End PBXFileReference section */

/* Begin PBXFrameworksBuildPhase section */
		A6F001CD25FB5FF000CDC901 /* Frameworks */ = {
			isa = PBXFrameworksBuildPhase;
			buildActionMask = 2147483647;
			files = (
				728AA2657662A30AF7C01692 /* Pods_Cool_Chat.framework in Frameworks */,
			);
			runOnlyForDeploymentPostprocessing = 0;
		};
/* End PBXFrameworksBuildPhase section */

/* Begin PBXGroup section */
		63ABA27AC25CACAB537B5FA4 /* Pods */ = {
			isa = PBXGroup;
			children = (
				13ECA0E281FF0115CFBBB50B /* Pods-Cool Chat.debug.xcconfig */,
				2A35B09A622E97D45369E656 /* Pods-Cool Chat.release.xcconfig */,
			);
			path = Pods;
			sourceTree = "<group>";
		};
		A635180F25FC66A300A21E73 /* Models */ = {
			isa = PBXGroup;
			children = (
				A635181025FC66B000A21E73 /* RegistrationCredential.swift */,
				A635181E25FCA16300A21E73 /* MessageType.swift */,
				A635182725FCC92E00A21E73 /* User.swift */,
				A635183A25FD09F400A21E73 /* Message.swift */,
			);
			path = Models;
			sourceTree = "<group>";
		};
		A635181825FC8EB400A21E73 /* Services */ = {
			isa = PBXGroup;
			children = (
				A635181925FC8EF500A21E73 /* AuthService.swift */,
				A635182A25FCCB7400A21E73 /* FirebaseWebService.swift */,
			);
			path = Services;
			sourceTree = "<group>";
		};
		A693B30625FC481B00C6B2D8 /* View Models */ = {
			isa = PBXGroup;
			children = (
				A693B31225FC55A000C6B2D8 /* Authentication */,
				A635184125FD0D5C00A21E73 /* MessageViewModel.swift */,
			);
			path = "View Models";
			sourceTree = "<group>";
		};
		A693B31225FC55A000C6B2D8 /* Authentication */ = {
			isa = PBXGroup;
			children = (
				A693B30C25FC483E00C6B2D8 /* LoginViewModel.swift */,
				A693B30F25FC4C7200C6B2D8 /* RegisterViewModel.swift */,
			);
			path = Authentication;
			sourceTree = "<group>";
		};
		A6F001C725FB5FF000CDC901 = {
			isa = PBXGroup;
			children = (
				A6F001D225FB5FF000CDC901 /* Cool Chat */,
				A6F001D125FB5FF000CDC901 /* Products */,
				63ABA27AC25CACAB537B5FA4 /* Pods */,
				B7DC7CD68D5CFD6AC93DCB39 /* Frameworks */,
			);
			sourceTree = "<group>";
		};
		A6F001D125FB5FF000CDC901 /* Products */ = {
			isa = PBXGroup;
			children = (
				A6F001D025FB5FF000CDC901 /* Cool Chat.app */,
			);
			name = Products;
			sourceTree = "<group>";
		};
		A6F001D225FB5FF000CDC901 /* Cool Chat */ = {
			isa = PBXGroup;
			children = (
				A635181825FC8EB400A21E73 /* Services */,
				A635180F25FC66A300A21E73 /* Models */,
				A693B30625FC481B00C6B2D8 /* View Models */,
				A6F0022625FB9E2700CDC901 /* View */,
				A6F001FF25FB69FA00CDC901 /* Extensions */,
				A6F001F825FB62CA00CDC901 /* Controllers */,
				A6F001D325FB5FF000CDC901 /* AppDelegate.swift */,
				A6F001D525FB5FF000CDC901 /* SceneDelegate.swift */,
				A6F001DC25FB5FF100CDC901 /* Assets.xcassets */,
				A6F001DE25FB5FF100CDC901 /* LaunchScreen.storyboard */,
				A693B31525FC5E1000C6B2D8 /* GoogleService-Info.plist */,
				A6F001E125FB5FF100CDC901 /* Info.plist */,
			);
			path = "Cool Chat";
			sourceTree = "<group>";
		};
		A6F001F825FB62CA00CDC901 /* Controllers */ = {
			isa = PBXGroup;
			children = (
				A6F0020F25FB79AA00CDC901 /* Authentication */,
				A6F001F925FB62E800CDC901 /* ConversationsController.swift */,
				A635182125FCBBE800A21E73 /* NewMessageController.swift */,
				A635182E25FCF63C00A21E73 /* ChatController.swift */,
			);
			path = Controllers;
			sourceTree = "<group>";
		};
		A6F001FF25FB69FA00CDC901 /* Extensions */ = {
			isa = PBXGroup;
			children = (
				A6F0020025FB6A3F00CDC901 /* UITableView+Extensions.swift */,
				A6F0020425FB6AB200CDC901 /* UITableViewCell+Extensions.swift */,
				A6F0020725FB6B8200CDC901 /* UIBarButtonItem +Extensions.swift */,
				A6F0021725FB7B5A00CDC901 /* UIViewController+Extensions.swift */,
				A6F0021A25FB7D2700CDC901 /* UIImageView+Extensions.swift */,
				A6F0022F25FBA0E700CDC901 /* UIImage+Extensions.swift */,
				A6F0021D25FB7FA400CDC901 /* UIView+Extensions.swift */,
				A693B2FC25FC338000C6B2D8 /* UIStackView+Extensions.swift */,
				A693B30225FC3F6800C6B2D8 /* UIButton+Extensions.swift */,
				A635181425FC690A00A21E73 /* Encodable+Extensions.swift */,
				A635183425FD059200A21E73 /* UICollectionViewCell+Extensions.swift */,
			);
			path = Extensions;
			sourceTree = "<group>";
		};
		A6F0020F25FB79AA00CDC901 /* Authentication */ = {
			isa = PBXGroup;
			children = (
				A6F0021025FB79BC00CDC901 /* LoginController.swift */,
				A6F0021425FB79C600CDC901 /* RegisterController.swift */,
			);
			path = Authentication;
			sourceTree = "<group>";
		};
		A6F0022625FB9E2700CDC901 /* View */ = {
			isa = PBXGroup;
			children = (
				A6F0022725FB9E3A00CDC901 /* InputContainerView.swift */,
				A6F0023325FBA2FA00CDC901 /* CustomTextField.swift */,
				A635182425FCC50200A21E73 /* NewMessageTableViewCell.swift */,
				A635183125FCFDDB00A21E73 /* CustomInputAccessoryView.swift */,
				A635183725FD065500A21E73 /* ChatCollectionViewCell.swift */,
			);
			path = View;
			sourceTree = "<group>";
		};
		B7DC7CD68D5CFD6AC93DCB39 /* Frameworks */ = {
			isa = PBXGroup;
			children = (
				D3E91D29A6B08596E4844440 /* Pods_Cool_Chat.framework */,
			);
			name = Frameworks;
			sourceTree = "<group>";
		};
/* End PBXGroup section */

/* Begin PBXNativeTarget section */
		A6F001CF25FB5FF000CDC901 /* Cool Chat */ = {
			isa = PBXNativeTarget;
			buildConfigurationList = A6F001E425FB5FF100CDC901 /* Build configuration list for PBXNativeTarget "Cool Chat" */;
			buildPhases = (
				A0B13E7F7E32131900954B9D /* [CP] Check Pods Manifest.lock */,
				A6F001CC25FB5FF000CDC901 /* Sources */,
				A6F001CD25FB5FF000CDC901 /* Frameworks */,
				A6F001CE25FB5FF000CDC901 /* Resources */,
				A07613364E80E36D939380F7 /* [CP] Embed Pods Frameworks */,
			);
			buildRules = (
			);
			dependencies = (
			);
			name = "Cool Chat";
			productName = "Cool Chat";
			productReference = A6F001D025FB5FF000CDC901 /* Cool Chat.app */;
			productType = "com.apple.product-type.application";
		};
/* End PBXNativeTarget section */

/* Begin PBXProject section */
		A6F001C825FB5FF000CDC901 /* Project object */ = {
			isa = PBXProject;
			attributes = {
				LastSwiftUpdateCheck = 1240;
				LastUpgradeCheck = 1240;
				TargetAttributes = {
					A6F001CF25FB5FF000CDC901 = {
						CreatedOnToolsVersion = 12.4;
					};
				};
			};
			buildConfigurationList = A6F001CB25FB5FF000CDC901 /* Build configuration list for PBXProject "Cool Chat" */;
			compatibilityVersion = "Xcode 9.3";
			developmentRegion = en;
			hasScannedForEncodings = 0;
			knownRegions = (
				en,
				Base,
			);
			mainGroup = A6F001C725FB5FF000CDC901;
			productRefGroup = A6F001D125FB5FF000CDC901 /* Products */;
			projectDirPath = "";
			projectRoot = "";
			targets = (
				A6F001CF25FB5FF000CDC901 /* Cool Chat */,
			);
		};
/* End PBXProject section */

/* Begin PBXResourcesBuildPhase section */
		A6F001CE25FB5FF000CDC901 /* Resources */ = {
			isa = PBXResourcesBuildPhase;
			buildActionMask = 2147483647;
			files = (
				A6F001E025FB5FF100CDC901 /* LaunchScreen.storyboard in Resources */,
				A6F001DD25FB5FF100CDC901 /* Assets.xcassets in Resources */,
				A693B31625FC5E1000C6B2D8 /* GoogleService-Info.plist in Resources */,
			);
			runOnlyForDeploymentPostprocessing = 0;
		};
/* End PBXResourcesBuildPhase section */

/* Begin PBXShellScriptBuildPhase section */
		A07613364E80E36D939380F7 /* [CP] Embed Pods Frameworks */ = {
			isa = PBXShellScriptBuildPhase;
			buildActionMask = 2147483647;
			files = (
			);
			inputFileListPaths = (
				"${PODS_ROOT}/Target Support Files/Pods-Cool Chat/Pods-Cool Chat-frameworks-${CONFIGURATION}-input-files.xcfilelist",
			);
			name = "[CP] Embed Pods Frameworks";
			outputFileListPaths = (
				"${PODS_ROOT}/Target Support Files/Pods-Cool Chat/Pods-Cool Chat-frameworks-${CONFIGURATION}-output-files.xcfilelist",
			);
			runOnlyForDeploymentPostprocessing = 0;
			shellPath = /bin/sh;
			shellScript = "\"${PODS_ROOT}/Target Support Files/Pods-Cool Chat/Pods-Cool Chat-frameworks.sh\"\n";
			showEnvVarsInLog = 0;
		};
		A0B13E7F7E32131900954B9D /* [CP] Check Pods Manifest.lock */ = {
			isa = PBXShellScriptBuildPhase;
			buildActionMask = 2147483647;
			files = (
			);
			inputFileListPaths = (
			);
			inputPaths = (
				"${PODS_PODFILE_DIR_PATH}/Podfile.lock",
				"${PODS_ROOT}/Manifest.lock",
			);
			name = "[CP] Check Pods Manifest.lock";
			outputFileListPaths = (
			);
			outputPaths = (
				"$(DERIVED_FILE_DIR)/Pods-Cool Chat-checkManifestLockResult.txt",
			);
			runOnlyForDeploymentPostprocessing = 0;
			shellPath = /bin/sh;
			shellScript = "diff \"${PODS_PODFILE_DIR_PATH}/Podfile.lock\" \"${PODS_ROOT}/Manifest.lock\" > /dev/null\nif [ $? != 0 ] ; then\n    # print error to STDERR\n    echo \"error: The sandbox is not in sync with the Podfile.lock. Run 'pod install' or update your CocoaPods installation.\" >&2\n    exit 1\nfi\n# This output is used by Xcode 'outputs' to avoid re-running this script phase.\necho \"SUCCESS\" > \"${SCRIPT_OUTPUT_FILE_0}\"\n";
			showEnvVarsInLog = 0;
		};
/* End PBXShellScriptBuildPhase section */

/* Begin PBXSourcesBuildPhase section */
		A6F001CC25FB5FF000CDC901 /* Sources */ = {
			isa = PBXSourcesBuildPhase;
			buildActionMask = 2147483647;
			files = (
				A635182B25FCCB7400A21E73 /* FirebaseWebService.swift in Sources */,
				A6F0021B25FB7D2700CDC901 /* UIImageView+Extensions.swift in Sources */,
				A635184225FD0D5C00A21E73 /* MessageViewModel.swift in Sources */,
				A6F001D425FB5FF000CDC901 /* AppDelegate.swift in Sources */,
				A6F0023425FBA2FA00CDC901 /* CustomTextField.swift in Sources */,
				A635182825FCC92E00A21E73 /* User.swift in Sources */,
				A635183525FD059200A21E73 /* UICollectionViewCell+Extensions.swift in Sources */,
				A6F0023025FBA0E700CDC901 /* UIImage+Extensions.swift in Sources */,
				A6F001FA25FB62E800CDC901 /* ConversationsController.swift in Sources */,
				A6F0020825FB6B8200CDC901 /* UIBarButtonItem +Extensions.swift in Sources */,
				A635181A25FC8EF500A21E73 /* AuthService.swift in Sources */,
				A635181F25FCA16300A21E73 /* MessageType.swift in Sources */,
				A6F001D625FB5FF000CDC901 /* SceneDelegate.swift in Sources */,
				A635181125FC66B000A21E73 /* RegistrationCredential.swift in Sources */,
				A635182225FCBBE800A21E73 /* NewMessageController.swift in Sources */,
				A693B31025FC4C7200C6B2D8 /* RegisterViewModel.swift in Sources */,
				A6F0021825FB7B5A00CDC901 /* UIViewController+Extensions.swift in Sources */,
				A6F0021525FB79C600CDC901 /* RegisterController.swift in Sources */,
				A6F0022825FB9E3A00CDC901 /* InputContainerView.swift in Sources */,
				A635182F25FCF63C00A21E73 /* ChatController.swift in Sources */,
				A693B30D25FC483E00C6B2D8 /* LoginViewModel.swift in Sources */,
				A635183B25FD09F400A21E73 /* Message.swift in Sources */,
				A693B30325FC3F6800C6B2D8 /* UIButton+Extensions.swift in Sources */,
				A6F0020525FB6AB200CDC901 /* UITableViewCell+Extensions.swift in Sources */,
				A635182525FCC50200A21E73 /* NewMessageTableViewCell.swift in Sources */,
				A6F0020125FB6A3F00CDC901 /* UITableView+Extensions.swift in Sources */,
				A635183225FCFDDB00A21E73 /* CustomInputAccessoryView.swift in Sources */,
				A693B2FD25FC338000C6B2D8 /* UIStackView+Extensions.swift in Sources */,
				A635181525FC690A00A21E73 /* Encodable+Extensions.swift in Sources */,
				A6F0021125FB79BC00CDC901 /* LoginController.swift in Sources */,
				A635183825FD065500A21E73 /* ChatCollectionViewCell.swift in Sources */,
				A6F0021E25FB7FA400CDC901 /* UIView+Extensions.swift in Sources */,
			);
			runOnlyForDeploymentPostprocessing = 0;
		};
/* End PBXSourcesBuildPhase section */

/* Begin PBXVariantGroup section */
		A6F001DE25FB5FF100CDC901 /* LaunchScreen.storyboard */ = {
			isa = PBXVariantGroup;
			children = (
				A6F001DF25FB5FF100CDC901 /* Base */,
			);
			name = LaunchScreen.storyboard;
			sourceTree = "<group>";
		};
/* End PBXVariantGroup section */

/* Begin XCBuildConfiguration section */
		A6F001E225FB5FF100CDC901 /* Debug */ = {
			isa = XCBuildConfiguration;
			buildSettings = {
				ALWAYS_SEARCH_USER_PATHS = NO;
				CLANG_ANALYZER_NONNULL = YES;
				CLANG_ANALYZER_NUMBER_OBJECT_CONVERSION = YES_AGGRESSIVE;
				CLANG_CXX_LANGUAGE_STANDARD = "gnu++14";
				CLANG_CXX_LIBRARY = "libc++";
				CLANG_ENABLE_MODULES = YES;
				CLANG_ENABLE_OBJC_ARC = YES;
				CLANG_ENABLE_OBJC_WEAK = YES;
				CLANG_WARN_BLOCK_CAPTURE_AUTORELEASING = YES;
				CLANG_WARN_BOOL_CONVERSION = YES;
				CLANG_WARN_COMMA = YES;
				CLANG_WARN_CONSTANT_CONVERSION = YES;
				CLANG_WARN_DEPRECATED_OBJC_IMPLEMENTATIONS = YES;
				CLANG_WARN_DIRECT_OBJC_ISA_USAGE = YES_ERROR;
				CLANG_WARN_DOCUMENTATION_COMMENTS = YES;
				CLANG_WARN_EMPTY_BODY = YES;
				CLANG_WARN_ENUM_CONVERSION = YES;
				CLANG_WARN_INFINITE_RECURSION = YES;
				CLANG_WARN_INT_CONVERSION = YES;
				CLANG_WARN_NON_LITERAL_NULL_CONVERSION = YES;
				CLANG_WARN_OBJC_IMPLICIT_RETAIN_SELF = YES;
				CLANG_WARN_OBJC_LITERAL_CONVERSION = YES;
				CLANG_WARN_OBJC_ROOT_CLASS = YES_ERROR;
				CLANG_WARN_QUOTED_INCLUDE_IN_FRAMEWORK_HEADER = YES;
				CLANG_WARN_RANGE_LOOP_ANALYSIS = YES;
				CLANG_WARN_STRICT_PROTOTYPES = YES;
				CLANG_WARN_SUSPICIOUS_MOVE = YES;
				CLANG_WARN_UNGUARDED_AVAILABILITY = YES_AGGRESSIVE;
				CLANG_WARN_UNREACHABLE_CODE = YES;
				CLANG_WARN__DUPLICATE_METHOD_MATCH = YES;
				COPY_PHASE_STRIP = NO;
				DEBUG_INFORMATION_FORMAT = dwarf;
				ENABLE_STRICT_OBJC_MSGSEND = YES;
				ENABLE_TESTABILITY = YES;
				GCC_C_LANGUAGE_STANDARD = gnu11;
				GCC_DYNAMIC_NO_PIC = NO;
				GCC_NO_COMMON_BLOCKS = YES;
				GCC_OPTIMIZATION_LEVEL = 0;
				GCC_PREPROCESSOR_DEFINITIONS = (
					"DEBUG=1",
					"$(inherited)",
				);
				GCC_WARN_64_TO_32_BIT_CONVERSION = YES;
				GCC_WARN_ABOUT_RETURN_TYPE = YES_ERROR;
				GCC_WARN_UNDECLARED_SELECTOR = YES;
				GCC_WARN_UNINITIALIZED_AUTOS = YES_AGGRESSIVE;
				GCC_WARN_UNUSED_FUNCTION = YES;
				GCC_WARN_UNUSED_VARIABLE = YES;
				IPHONEOS_DEPLOYMENT_TARGET = 14.4;
				MTL_ENABLE_DEBUG_INFO = INCLUDE_SOURCE;
				MTL_FAST_MATH = YES;
				ONLY_ACTIVE_ARCH = YES;
				SDKROOT = iphoneos;
				SWIFT_ACTIVE_COMPILATION_CONDITIONS = DEBUG;
				SWIFT_OPTIMIZATION_LEVEL = "-Onone";
			};
			name = Debug;
		};
		A6F001E325FB5FF100CDC901 /* Release */ = {
			isa = XCBuildConfiguration;
			buildSettings = {
				ALWAYS_SEARCH_USER_PATHS = NO;
				CLANG_ANALYZER_NONNULL = YES;
				CLANG_ANALYZER_NUMBER_OBJECT_CONVERSION = YES_AGGRESSIVE;
				CLANG_CXX_LANGUAGE_STANDARD = "gnu++14";
				CLANG_CXX_LIBRARY = "libc++";
				CLANG_ENABLE_MODULES = YES;
				CLANG_ENABLE_OBJC_ARC = YES;
				CLANG_ENABLE_OBJC_WEAK = YES;
				CLANG_WARN_BLOCK_CAPTURE_AUTORELEASING = YES;
				CLANG_WARN_BOOL_CONVERSION = YES;
				CLANG_WARN_COMMA = YES;
				CLANG_WARN_CONSTANT_CONVERSION = YES;
				CLANG_WARN_DEPRECATED_OBJC_IMPLEMENTATIONS = YES;
				CLANG_WARN_DIRECT_OBJC_ISA_USAGE = YES_ERROR;
				CLANG_WARN_DOCUMENTATION_COMMENTS = YES;
				CLANG_WARN_EMPTY_BODY = YES;
				CLANG_WARN_ENUM_CONVERSION = YES;
				CLANG_WARN_INFINITE_RECURSION = YES;
				CLANG_WARN_INT_CONVERSION = YES;
				CLANG_WARN_NON_LITERAL_NULL_CONVERSION = YES;
				CLANG_WARN_OBJC_IMPLICIT_RETAIN_SELF = YES;
				CLANG_WARN_OBJC_LITERAL_CONVERSION = YES;
				CLANG_WARN_OBJC_ROOT_CLASS = YES_ERROR;
				CLANG_WARN_QUOTED_INCLUDE_IN_FRAMEWORK_HEADER = YES;
				CLANG_WARN_RANGE_LOOP_ANALYSIS = YES;
				CLANG_WARN_STRICT_PROTOTYPES = YES;
				CLANG_WARN_SUSPICIOUS_MOVE = YES;
				CLANG_WARN_UNGUARDED_AVAILABILITY = YES_AGGRESSIVE;
				CLANG_WARN_UNREACHABLE_CODE = YES;
				CLANG_WARN__DUPLICATE_METHOD_MATCH = YES;
				COPY_PHASE_STRIP = NO;
				DEBUG_INFORMATION_FORMAT = "dwarf-with-dsym";
				ENABLE_NS_ASSERTIONS = NO;
				ENABLE_STRICT_OBJC_MSGSEND = YES;
				GCC_C_LANGUAGE_STANDARD = gnu11;
				GCC_NO_COMMON_BLOCKS = YES;
				GCC_WARN_64_TO_32_BIT_CONVERSION = YES;
				GCC_WARN_ABOUT_RETURN_TYPE = YES_ERROR;
				GCC_WARN_UNDECLARED_SELECTOR = YES;
				GCC_WARN_UNINITIALIZED_AUTOS = YES_AGGRESSIVE;
				GCC_WARN_UNUSED_FUNCTION = YES;
				GCC_WARN_UNUSED_VARIABLE = YES;
				IPHONEOS_DEPLOYMENT_TARGET = 14.4;
				MTL_ENABLE_DEBUG_INFO = NO;
				MTL_FAST_MATH = YES;
				SDKROOT = iphoneos;
				SWIFT_COMPILATION_MODE = wholemodule;
				SWIFT_OPTIMIZATION_LEVEL = "-O";
				VALIDATE_PRODUCT = YES;
			};
			name = Release;
		};
		A6F001E525FB5FF100CDC901 /* Debug */ = {
			isa = XCBuildConfiguration;
			baseConfigurationReference = 13ECA0E281FF0115CFBBB50B /* Pods-Cool Chat.debug.xcconfig */;
			buildSettings = {
				ASSETCATALOG_COMPILER_APPICON_NAME = AppIcon;
				ASSETCATALOG_COMPILER_GLOBAL_ACCENT_COLOR_NAME = AccentColor;
				CODE_SIGN_STYLE = Automatic;
				DEVELOPMENT_TEAM = T792HGNPDD;
				INFOPLIST_FILE = "Cool Chat/Info.plist";
				LD_RUNPATH_SEARCH_PATHS = (
					"$(inherited)",
					"@executable_path/Frameworks",
				);
				PRODUCT_BUNDLE_IDENTIFIER = "com.senducusin.Cool-Chat";
				PRODUCT_NAME = "$(TARGET_NAME)";
				SWIFT_VERSION = 5.0;
				TARGETED_DEVICE_FAMILY = "1,2";
			};
			name = Debug;
		};
		A6F001E625FB5FF100CDC901 /* Release */ = {
			isa = XCBuildConfiguration;
			baseConfigurationReference = 2A35B09A622E97D45369E656 /* Pods-Cool Chat.release.xcconfig */;
			buildSettings = {
				ASSETCATALOG_COMPILER_APPICON_NAME = AppIcon;
				ASSETCATALOG_COMPILER_GLOBAL_ACCENT_COLOR_NAME = AccentColor;
				CODE_SIGN_STYLE = Automatic;
				DEVELOPMENT_TEAM = T792HGNPDD;
				INFOPLIST_FILE = "Cool Chat/Info.plist";
				LD_RUNPATH_SEARCH_PATHS = (
					"$(inherited)",
					"@executable_path/Frameworks",
				);
				PRODUCT_BUNDLE_IDENTIFIER = "com.senducusin.Cool-Chat";
				PRODUCT_NAME = "$(TARGET_NAME)";
				SWIFT_VERSION = 5.0;
				TARGETED_DEVICE_FAMILY = "1,2";
			};
			name = Release;
		};
/* End XCBuildConfiguration section */

/* Begin XCConfigurationList section */
		A6F001CB25FB5FF000CDC901 /* Build configuration list for PBXProject "Cool Chat" */ = {
			isa = XCConfigurationList;
			buildConfigurations = (
				A6F001E225FB5FF100CDC901 /* Debug */,
				A6F001E325FB5FF100CDC901 /* Release */,
			);
			defaultConfigurationIsVisible = 0;
			defaultConfigurationName = Release;
		};
		A6F001E425FB5FF100CDC901 /* Build configuration list for PBXNativeTarget "Cool Chat" */ = {
			isa = XCConfigurationList;
			buildConfigurations = (
				A6F001E525FB5FF100CDC901 /* Debug */,
				A6F001E625FB5FF100CDC901 /* Release */,
			);
			defaultConfigurationIsVisible = 0;
			defaultConfigurationName = Release;
		};
/* End XCConfigurationList section */
	};
	rootObject = A6F001C825FB5FF000CDC901 /* Project object */;
}
